
Microsoft Visual Studio Solution File, Format Version 12.00
# Visual Studio Version 16
VisualStudioVersion = 16.0.29806.167
MinimumVisualStudioVersion = 10.0.40219.1
Project("{FAE04EC0-301F-11D3-BF4B-00C04F79EFBC}") = "UnitTestProject1", "UnitTestProject1\UnitTestProject1.csproj", "{DFD1F27C-5FB2-4EF0-AC2A-DD084344122B}"
EndProject
Global
	GlobalSection(SolutionConfigurationPlatforms) = preSolution
		Debug|Any CPU = Debug|Any CPU
		Release|Any CPU = Release|Any CPU
	EndGlobalSection
	GlobalSection(ProjectConfigurationPlatforms) = postSolution
		{DFD1F27C-5FB2-4EF0-AC2A-DD084344122B}.Debug|Any CPU.ActiveCfg = Debug|Any CPU
		{DFD1F27C-5FB2-4EF0-AC2A-DD084344122B}.Debug|Any CPU.Build.0 = Debug|Any CPU
		{DFD1F27C-5FB2-4EF0-AC2A-DD084344122B}.Release|Any CPU.ActiveCfg = Release|Any CPU
		{DFD1F27C-5FB2-4EF0-AC2A-DD084344122B}.Release|Any CPU.Build.0 = Release|Any CPU
	EndGlobalSection
	GlobalSection(SolutionProperties) = preSolution
		HideSolutionNode = FALSE
	EndGlobalSection
	GlobalSection(ExtensibilityGlobals) = postSolution
		SolutionGuid = {014A55E7-74F2-4590-A6F5-C2B646326E10}
	EndGlobalSection
EndGlobal
