
Microsoft Visual Studio Solution File, Format Version 12.00
# Visual Studio Version 16
VisualStudioVersion = 16.0.30330.147
MinimumVisualStudioVersion = 10.0.40219.1
Project("{FAE04EC0-301F-11D3-BF4B-00C04F79EFBC}") = "AgeOfVillagers", "AgeOfVillagers\AgeOfVillagers.csproj", "{951C8FC2-2926-4C61-A5A5-F274EB17B30F}"
EndProject
Project("{FAE04EC0-301F-11D3-BF4B-00C04F79EFBC}") = "AgeOfVillagers.Test", "AgeOfVillagers.Test\AgeOfVillagers.Test.csproj", "{4F7AA188-1D69-4BFF-A4A1-82E4EB366FD5}"
EndProject
Global
	GlobalSection(SolutionConfigurationPlatforms) = preSolution
		Debug|Any CPU = Debug|Any CPU
		Release|Any CPU = Release|Any CPU
	EndGlobalSection
	GlobalSection(ProjectConfigurationPlatforms) = postSolution
		{951C8FC2-2926-4C61-A5A5-F274EB17B30F}.Debug|Any CPU.ActiveCfg = Debug|Any CPU
		{951C8FC2-2926-4C61-A5A5-F274EB17B30F}.Debug|Any CPU.Build.0 = Debug|Any CPU
		{951C8FC2-2926-4C61-A5A5-F274EB17B30F}.Release|Any CPU.ActiveCfg = Release|Any CPU
		{951C8FC2-2926-4C61-A5A5-F274EB17B30F}.Release|Any CPU.Build.0 = Release|Any CPU
		{4F7AA188-1D69-4BFF-A4A1-82E4EB366FD5}.Debug|Any CPU.ActiveCfg = Debug|Any CPU
		{4F7AA188-1D69-4BFF-A4A1-82E4EB366FD5}.Debug|Any CPU.Build.0 = Debug|Any CPU
		{4F7AA188-1D69-4BFF-A4A1-82E4EB366FD5}.Release|Any CPU.ActiveCfg = Release|Any CPU
		{4F7AA188-1D69-4BFF-A4A1-82E4EB366FD5}.Release|Any CPU.Build.0 = Release|Any CPU
	EndGlobalSection
	GlobalSection(SolutionProperties) = preSolution
		HideSolutionNode = FALSE
	EndGlobalSection
	GlobalSection(ExtensibilityGlobals) = postSolution
		SolutionGuid = {2B806D0E-E433-475E-8D1D-C52EF4B763D3}
	EndGlobalSection
EndGlobal
