
Microsoft Visual Studio Solution File, Format Version 12.00
# Visual Studio Version 16
VisualStudioVersion = 16.0.30420.98
MinimumVisualStudioVersion = 10.0.40219.1
Project("{FAE04EC0-301F-11D3-BF4B-00C04F79EFBC}") = "Ageofvillagers", "Ageofvillagers.csproj", "{FCE7A3DE-930D-4AF9-9F22-2D3C10295BF1}"
EndProject
Project("{FAE04EC0-301F-11D3-BF4B-00C04F79EFBC}") = "Ageofvillagers.test", "..\Ageofvillagers.test\Ageofvillagers.test.csproj", "{622D9D54-209A-45B9-8C24-ED85D1EDA54E}"
EndProject
Global
	GlobalSection(SolutionConfigurationPlatforms) = preSolution
		Debug|Any CPU = Debug|Any CPU
		Release|Any CPU = Release|Any CPU
	EndGlobalSection
	GlobalSection(ProjectConfigurationPlatforms) = postSolution
		{FCE7A3DE-930D-4AF9-9F22-2D3C10295BF1}.Debug|Any CPU.ActiveCfg = Debug|Any CPU
		{FCE7A3DE-930D-4AF9-9F22-2D3C10295BF1}.Debug|Any CPU.Build.0 = Debug|Any CPU
		{FCE7A3DE-930D-4AF9-9F22-2D3C10295BF1}.Release|Any CPU.ActiveCfg = Release|Any CPU
		{FCE7A3DE-930D-4AF9-9F22-2D3C10295BF1}.Release|Any CPU.Build.0 = Release|Any CPU
		{622D9D54-209A-45B9-8C24-ED85D1EDA54E}.Debug|Any CPU.ActiveCfg = Debug|Any CPU
		{622D9D54-209A-45B9-8C24-ED85D1EDA54E}.Debug|Any CPU.Build.0 = Debug|Any CPU
		{622D9D54-209A-45B9-8C24-ED85D1EDA54E}.Release|Any CPU.ActiveCfg = Release|Any CPU
		{622D9D54-209A-45B9-8C24-ED85D1EDA54E}.Release|Any CPU.Build.0 = Release|Any CPU
	EndGlobalSection
	GlobalSection(SolutionProperties) = preSolution
		HideSolutionNode = FALSE
	EndGlobalSection
	GlobalSection(ExtensibilityGlobals) = postSolution
		SolutionGuid = {76DBFA9D-F4BB-471F-B780-2490EB59B4E2}
	EndGlobalSection
EndGlobal
