
Microsoft Visual Studio Solution File, Format Version 12.00
# Visual Studio Version 16
VisualStudioVersion = 16.0.30503.244
MinimumVisualStudioVersion = 10.0.40219.1
Project("{FAE04EC0-301F-11D3-BF4B-00C04F79EFBC}") = "AgeOfVillagers", "AgeOfVillagers\AgeOfVillagers.csproj", "{D0EABD40-3FF9-4AB8-8A59-B47FF1264877}"
EndProject
Global
	GlobalSection(SolutionConfigurationPlatforms) = preSolution
		Debug|Any CPU = Debug|Any CPU
		Release|Any CPU = Release|Any CPU
	EndGlobalSection
	GlobalSection(ProjectConfigurationPlatforms) = postSolution
		{D0EABD40-3FF9-4AB8-8A59-B47FF1264877}.Debug|Any CPU.ActiveCfg = Debug|Any CPU
		{D0EABD40-3FF9-4AB8-8A59-B47FF1264877}.Debug|Any CPU.Build.0 = Debug|Any CPU
		{D0EABD40-3FF9-4AB8-8A59-B47FF1264877}.Release|Any CPU.ActiveCfg = Release|Any CPU
		{D0EABD40-3FF9-4AB8-8A59-B47FF1264877}.Release|Any CPU.Build.0 = Release|Any CPU
	EndGlobalSection
	GlobalSection(SolutionProperties) = preSolution
		HideSolutionNode = FALSE
	EndGlobalSection
	GlobalSection(ExtensibilityGlobals) = postSolution
		SolutionGuid = {D7047447-A0BC-4BC4-870C-3CEF3B67195E}
	EndGlobalSection
EndGlobal
