
Microsoft Visual Studio Solution File, Format Version 12.00
# Visual Studio Version 16
VisualStudioVersion = 16.0.29728.190
MinimumVisualStudioVersion = 10.0.40219.1
Project("{FAE04EC0-301F-11D3-BF4B-00C04F79EFBC}") = "refactor", "refactor\refactor.csproj", "{3D97A914-BCEA-4A7F-AAA2-02DCBCC52633}"
EndProject
Global
	GlobalSection(SolutionConfigurationPlatforms) = preSolution
		Debug|Any CPU = Debug|Any CPU
		Release|Any CPU = Release|Any CPU
	EndGlobalSection
	GlobalSection(ProjectConfigurationPlatforms) = postSolution
		{3D97A914-BCEA-4A7F-AAA2-02DCBCC52633}.Debug|Any CPU.ActiveCfg = Debug|Any CPU
		{3D97A914-BCEA-4A7F-AAA2-02DCBCC52633}.Debug|Any CPU.Build.0 = Debug|Any CPU
		{3D97A914-BCEA-4A7F-AAA2-02DCBCC52633}.Release|Any CPU.ActiveCfg = Release|Any CPU
		{3D97A914-BCEA-4A7F-AAA2-02DCBCC52633}.Release|Any CPU.Build.0 = Release|Any CPU
	EndGlobalSection
	GlobalSection(SolutionProperties) = preSolution
		HideSolutionNode = FALSE
	EndGlobalSection
	GlobalSection(ExtensibilityGlobals) = postSolution
		SolutionGuid = {D0206F31-F82B-41FF-8ECB-BB88DA0014B1}
	EndGlobalSection
EndGlobal
