
Microsoft Visual Studio Solution File, Format Version 12.00
# Visual Studio Version 16
VisualStudioVersion = 16.0.29009.5
MinimumVisualStudioVersion = 10.0.40219.1
Project("{FAE04EC0-301F-11D3-BF4B-00C04F79EFBC}") = "Age_of_villagers", "Age_of_villagers.csproj", "{6431AA42-B135-4F7D-998F-C2259B89FC6C}"
EndProject
Project("{FAE04EC0-301F-11D3-BF4B-00C04F79EFBC}") = "Age_of_villagers.Test", "..\Age_of_villagers.Test\Age_of_villagers.Test.csproj", "{2552BE51-9AD9-43B4-8E0F-6E13D723473D}"
EndProject
Global
	GlobalSection(SolutionConfigurationPlatforms) = preSolution
		Debug|Any CPU = Debug|Any CPU
		Release|Any CPU = Release|Any CPU
	EndGlobalSection
	GlobalSection(ProjectConfigurationPlatforms) = postSolution
		{6431AA42-B135-4F7D-998F-C2259B89FC6C}.Debug|Any CPU.ActiveCfg = Debug|Any CPU
		{6431AA42-B135-4F7D-998F-C2259B89FC6C}.Debug|Any CPU.Build.0 = Debug|Any CPU
		{6431AA42-B135-4F7D-998F-C2259B89FC6C}.Release|Any CPU.ActiveCfg = Release|Any CPU
		{6431AA42-B135-4F7D-998F-C2259B89FC6C}.Release|Any CPU.Build.0 = Release|Any CPU
		{2552BE51-9AD9-43B4-8E0F-6E13D723473D}.Debug|Any CPU.ActiveCfg = Debug|Any CPU
		{2552BE51-9AD9-43B4-8E0F-6E13D723473D}.Debug|Any CPU.Build.0 = Debug|Any CPU
		{2552BE51-9AD9-43B4-8E0F-6E13D723473D}.Release|Any CPU.ActiveCfg = Release|Any CPU
		{2552BE51-9AD9-43B4-8E0F-6E13D723473D}.Release|Any CPU.Build.0 = Release|Any CPU
	EndGlobalSection
	GlobalSection(SolutionProperties) = preSolution
		HideSolutionNode = FALSE
	EndGlobalSection
	GlobalSection(ExtensibilityGlobals) = postSolution
		SolutionGuid = {C4891542-7ACA-4A01-900F-8F64FA1BF057}
	EndGlobalSection
EndGlobal
