
Microsoft Visual Studio Solution File, Format Version 12.00
# Visual Studio Version 16
VisualStudioVersion = 16.0.30320.27
MinimumVisualStudioVersion = 10.0.40219.1
Project("{FAE04EC0-301F-11D3-BF4B-00C04F79EFBC}") = "First Framework", "First Framework\First Framework.csproj", "{63661863-A782-4839-A9E4-ACDE8067D95A}"
EndProject
Global
	GlobalSection(SolutionConfigurationPlatforms) = preSolution
		Debug|Any CPU = Debug|Any CPU
		Release|Any CPU = Release|Any CPU
	EndGlobalSection
	GlobalSection(ProjectConfigurationPlatforms) = postSolution
		{63661863-A782-4839-A9E4-ACDE8067D95A}.Debug|Any CPU.ActiveCfg = Debug|Any CPU
		{63661863-A782-4839-A9E4-ACDE8067D95A}.Debug|Any CPU.Build.0 = Debug|Any CPU
		{63661863-A782-4839-A9E4-ACDE8067D95A}.Release|Any CPU.ActiveCfg = Release|Any CPU
		{63661863-A782-4839-A9E4-ACDE8067D95A}.Release|Any CPU.Build.0 = Release|Any CPU
	EndGlobalSection
	GlobalSection(SolutionProperties) = preSolution
		HideSolutionNode = FALSE
	EndGlobalSection
	GlobalSection(ExtensibilityGlobals) = postSolution
		SolutionGuid = {AAC19702-BFCB-429A-9956-F386B5181818}
	EndGlobalSection
EndGlobal
