
Microsoft Visual Studio Solution File, Format Version 12.00
# Visual Studio Version 16
VisualStudioVersion = 16.0.29920.165
MinimumVisualStudioVersion = 10.0.40219.1
Project("{FAE04EC0-301F-11D3-BF4B-00C04F79EFBC}") = "Age_of_Villagers", "Age_of_Villagers\Age_of_Villagers.csproj", "{EFD16992-9152-4FBE-AEC9-E6C0D6BE59D6}"
EndProject
Global
	GlobalSection(SolutionConfigurationPlatforms) = preSolution
		Debug|Any CPU = Debug|Any CPU
		Release|Any CPU = Release|Any CPU
	EndGlobalSection
	GlobalSection(ProjectConfigurationPlatforms) = postSolution
		{EFD16992-9152-4FBE-AEC9-E6C0D6BE59D6}.Debug|Any CPU.ActiveCfg = Debug|Any CPU
		{EFD16992-9152-4FBE-AEC9-E6C0D6BE59D6}.Debug|Any CPU.Build.0 = Debug|Any CPU
		{EFD16992-9152-4FBE-AEC9-E6C0D6BE59D6}.Release|Any CPU.ActiveCfg = Release|Any CPU
		{EFD16992-9152-4FBE-AEC9-E6C0D6BE59D6}.Release|Any CPU.Build.0 = Release|Any CPU
	EndGlobalSection
	GlobalSection(SolutionProperties) = preSolution
		HideSolutionNode = FALSE
	EndGlobalSection
	GlobalSection(ExtensibilityGlobals) = postSolution
		SolutionGuid = {9152668F-D798-4088-8219-69777F0B73A7}
	EndGlobalSection
EndGlobal
