
Microsoft Visual Studio Solution File, Format Version 12.00
# Visual Studio Version 16
VisualStudioVersion = 16.0.30320.27
MinimumVisualStudioVersion = 10.0.40219.1
Project("{FAE04EC0-301F-11D3-BF4B-00C04F79EFBC}") = "AgeOfVillagers", "AgeOfVillagers\AgeOfVillagers.csproj", "{98BEB5DC-F16D-451D-A8B4-2BA4AAF8ED8D}"
EndProject
Global
	GlobalSection(SolutionConfigurationPlatforms) = preSolution
		Debug|Any CPU = Debug|Any CPU
		Release|Any CPU = Release|Any CPU
	EndGlobalSection
	GlobalSection(ProjectConfigurationPlatforms) = postSolution
		{98BEB5DC-F16D-451D-A8B4-2BA4AAF8ED8D}.Debug|Any CPU.ActiveCfg = Debug|Any CPU
		{98BEB5DC-F16D-451D-A8B4-2BA4AAF8ED8D}.Debug|Any CPU.Build.0 = Debug|Any CPU
		{98BEB5DC-F16D-451D-A8B4-2BA4AAF8ED8D}.Release|Any CPU.ActiveCfg = Release|Any CPU
		{98BEB5DC-F16D-451D-A8B4-2BA4AAF8ED8D}.Release|Any CPU.Build.0 = Release|Any CPU
	EndGlobalSection
	GlobalSection(SolutionProperties) = preSolution
		HideSolutionNode = FALSE
	EndGlobalSection
	GlobalSection(ExtensibilityGlobals) = postSolution
		SolutionGuid = {1CA89B43-2C5D-4FEF-89C2-0188E6264A77}
	EndGlobalSection
EndGlobal
