
Microsoft Visual Studio Solution File, Format Version 12.00
# Visual Studio Version 16
VisualStudioVersion = 16.0.29920.165
MinimumVisualStudioVersion = 10.0.40219.1
Project("{FAE04EC0-301F-11D3-BF4B-00C04F79EFBC}") = "Age of Villagers", "Age of Villagers.csproj", "{F8867819-B1A6-4057-A332-2F8AACEFE7EC}"
EndProject
Global
	GlobalSection(SolutionConfigurationPlatforms) = preSolution
		Debug|Any CPU = Debug|Any CPU
		Release|Any CPU = Release|Any CPU
	EndGlobalSection
	GlobalSection(ProjectConfigurationPlatforms) = postSolution
		{F8867819-B1A6-4057-A332-2F8AACEFE7EC}.Debug|Any CPU.ActiveCfg = Debug|Any CPU
		{F8867819-B1A6-4057-A332-2F8AACEFE7EC}.Debug|Any CPU.Build.0 = Debug|Any CPU
		{F8867819-B1A6-4057-A332-2F8AACEFE7EC}.Release|Any CPU.ActiveCfg = Release|Any CPU
		{F8867819-B1A6-4057-A332-2F8AACEFE7EC}.Release|Any CPU.Build.0 = Release|Any CPU
	EndGlobalSection
	GlobalSection(SolutionProperties) = preSolution
		HideSolutionNode = FALSE
	EndGlobalSection
	GlobalSection(ExtensibilityGlobals) = postSolution
		SolutionGuid = {5736F72B-9888-4F21-A333-03B1E8249062}
	EndGlobalSection
EndGlobal
