
Microsoft Visual Studio Solution File, Format Version 12.00
# Visual Studio Version 16
VisualStudioVersion = 16.0.30320.27
MinimumVisualStudioVersion = 10.0.40219.1
Project("{FAE04EC0-301F-11D3-BF4B-00C04F79EFBC}") = "age of villagers", "age of villagers\age of villagers.csproj", "{73882C0B-2960-436E-814C-FDE9D382643D}"
EndProject
Project("{FAE04EC0-301F-11D3-BF4B-00C04F79EFBC}") = "age_of_villagers_XUnitTests", "age_of_villagers_XUnitTests\age_of_villagers_XUnitTests.csproj", "{BAA92C98-0445-46B9-B8B2-63E3B667096D}"
EndProject
Global
	GlobalSection(SolutionConfigurationPlatforms) = preSolution
		Debug|Any CPU = Debug|Any CPU
		Release|Any CPU = Release|Any CPU
	EndGlobalSection
	GlobalSection(ProjectConfigurationPlatforms) = postSolution
		{73882C0B-2960-436E-814C-FDE9D382643D}.Debug|Any CPU.ActiveCfg = Debug|Any CPU
		{73882C0B-2960-436E-814C-FDE9D382643D}.Debug|Any CPU.Build.0 = Debug|Any CPU
		{73882C0B-2960-436E-814C-FDE9D382643D}.Release|Any CPU.ActiveCfg = Release|Any CPU
		{73882C0B-2960-436E-814C-FDE9D382643D}.Release|Any CPU.Build.0 = Release|Any CPU
		{BAA92C98-0445-46B9-B8B2-63E3B667096D}.Debug|Any CPU.ActiveCfg = Debug|Any CPU
		{BAA92C98-0445-46B9-B8B2-63E3B667096D}.Debug|Any CPU.Build.0 = Debug|Any CPU
		{BAA92C98-0445-46B9-B8B2-63E3B667096D}.Release|Any CPU.ActiveCfg = Release|Any CPU
		{BAA92C98-0445-46B9-B8B2-63E3B667096D}.Release|Any CPU.Build.0 = Release|Any CPU
	EndGlobalSection
	GlobalSection(SolutionProperties) = preSolution
		HideSolutionNode = FALSE
	EndGlobalSection
	GlobalSection(ExtensibilityGlobals) = postSolution
		SolutionGuid = {D1CCB60D-2A1D-41C2-A36E-765D3409A4B5}
	EndGlobalSection
EndGlobal
