
Microsoft Visual Studio Solution File, Format Version 12.00
# Visual Studio Version 16
VisualStudioVersion = 16.0.29728.190
MinimumVisualStudioVersion = 10.0.40219.1
Project("{FAE04EC0-301F-11D3-BF4B-00C04F79EFBC}") = "NullItem", "NullItem\NullItem.csproj", "{EBDD849F-BE2F-47CD-8582-84BAC5134EE2}"
EndProject
Global
	GlobalSection(SolutionConfigurationPlatforms) = preSolution
		Debug|Any CPU = Debug|Any CPU
		Release|Any CPU = Release|Any CPU
	EndGlobalSection
	GlobalSection(ProjectConfigurationPlatforms) = postSolution
		{EBDD849F-BE2F-47CD-8582-84BAC5134EE2}.Debug|Any CPU.ActiveCfg = Debug|Any CPU
		{EBDD849F-BE2F-47CD-8582-84BAC5134EE2}.Debug|Any CPU.Build.0 = Debug|Any CPU
		{EBDD849F-BE2F-47CD-8582-84BAC5134EE2}.Release|Any CPU.ActiveCfg = Release|Any CPU
		{EBDD849F-BE2F-47CD-8582-84BAC5134EE2}.Release|Any CPU.Build.0 = Release|Any CPU
	EndGlobalSection
	GlobalSection(SolutionProperties) = preSolution
		HideSolutionNode = FALSE
	EndGlobalSection
	GlobalSection(ExtensibilityGlobals) = postSolution
		SolutionGuid = {E83E0042-F9B1-44E8-9276-9C6B05FEBD4D}
	EndGlobalSection
EndGlobal
