
Microsoft Visual Studio Solution File, Format Version 12.00
# Visual Studio Version 16
VisualStudioVersion = 16.0.29728.190
MinimumVisualStudioVersion = 10.0.40219.1
Project("{FAE04EC0-301F-11D3-BF4B-00C04F79EFBC}") = "Age Of Villagers", "Age Of Villagers.csproj", "{51BBC9BE-65A1-4B46-ABCC-A03DFC997B13}"
EndProject
Global
	GlobalSection(SolutionConfigurationPlatforms) = preSolution
		Debug|Any CPU = Debug|Any CPU
		Release|Any CPU = Release|Any CPU
	EndGlobalSection
	GlobalSection(ProjectConfigurationPlatforms) = postSolution
		{51BBC9BE-65A1-4B46-ABCC-A03DFC997B13}.Debug|Any CPU.ActiveCfg = Debug|Any CPU
		{51BBC9BE-65A1-4B46-ABCC-A03DFC997B13}.Debug|Any CPU.Build.0 = Debug|Any CPU
		{51BBC9BE-65A1-4B46-ABCC-A03DFC997B13}.Release|Any CPU.ActiveCfg = Release|Any CPU
		{51BBC9BE-65A1-4B46-ABCC-A03DFC997B13}.Release|Any CPU.Build.0 = Release|Any CPU
	EndGlobalSection
	GlobalSection(SolutionProperties) = preSolution
		HideSolutionNode = FALSE
	EndGlobalSection
	GlobalSection(ExtensibilityGlobals) = postSolution
		SolutionGuid = {113126EC-7B98-4620-934F-2EAC623687F6}
	EndGlobalSection
EndGlobal
