
Microsoft Visual Studio Solution File, Format Version 12.00
# Visual Studio Version 16
VisualStudioVersion = 16.0.30503.244
MinimumVisualStudioVersion = 10.0.40219.1
Project("{FAE04EC0-301F-11D3-BF4B-00C04F79EFBC}") = "age-of-villagers", "age-of-villagers\age-of-villagers.csproj", "{B492F811-63C8-495B-BD5D-491381BA2C10}"
EndProject
Global
	GlobalSection(SolutionConfigurationPlatforms) = preSolution
		Debug|Any CPU = Debug|Any CPU
		Release|Any CPU = Release|Any CPU
	EndGlobalSection
	GlobalSection(ProjectConfigurationPlatforms) = postSolution
		{B492F811-63C8-495B-BD5D-491381BA2C10}.Debug|Any CPU.ActiveCfg = Debug|Any CPU
		{B492F811-63C8-495B-BD5D-491381BA2C10}.Debug|Any CPU.Build.0 = Debug|Any CPU
		{B492F811-63C8-495B-BD5D-491381BA2C10}.Release|Any CPU.ActiveCfg = Release|Any CPU
		{B492F811-63C8-495B-BD5D-491381BA2C10}.Release|Any CPU.Build.0 = Release|Any CPU
	EndGlobalSection
	GlobalSection(SolutionProperties) = preSolution
		HideSolutionNode = FALSE
	EndGlobalSection
	GlobalSection(ExtensibilityGlobals) = postSolution
		SolutionGuid = {355F2F60-D902-46F1-8B0D-D85CE036B2E1}
	EndGlobalSection
EndGlobal
