
Microsoft Visual Studio Solution File, Format Version 12.00
# Visual Studio Version 16
VisualStudioVersion = 16.0.28809.33
MinimumVisualStudioVersion = 10.0.40219.1
Project("{FAE04EC0-301F-11D3-BF4B-00C04F79EFBC}") = "Ageofvillegers", "Ageofvillegers\Ageofvillegers.csproj", "{847A5B9F-C439-47A5-BAD9-681920310C7F}"
EndProject
Global
	GlobalSection(SolutionConfigurationPlatforms) = preSolution
		Debug|Any CPU = Debug|Any CPU
		Release|Any CPU = Release|Any CPU
	EndGlobalSection
	GlobalSection(ProjectConfigurationPlatforms) = postSolution
		{847A5B9F-C439-47A5-BAD9-681920310C7F}.Debug|Any CPU.ActiveCfg = Debug|Any CPU
		{847A5B9F-C439-47A5-BAD9-681920310C7F}.Debug|Any CPU.Build.0 = Debug|Any CPU
		{847A5B9F-C439-47A5-BAD9-681920310C7F}.Release|Any CPU.ActiveCfg = Release|Any CPU
		{847A5B9F-C439-47A5-BAD9-681920310C7F}.Release|Any CPU.Build.0 = Release|Any CPU
	EndGlobalSection
	GlobalSection(SolutionProperties) = preSolution
		HideSolutionNode = FALSE
	EndGlobalSection
	GlobalSection(ExtensibilityGlobals) = postSolution
		SolutionGuid = {6153E0BE-4063-4518-B8A7-2BA088889205}
	EndGlobalSection
EndGlobal
