
Microsoft Visual Studio Solution File, Format Version 12.00
# Visual Studio Version 16
VisualStudioVersion = 16.0.29728.190
MinimumVisualStudioVersion = 10.0.40219.1
Project("{FAE04EC0-301F-11D3-BF4B-00C04F79EFBC}") = "XUnitTestProject", "XUnitTestProject\XUnitTestProject.csproj", "{E4F28824-C87C-417E-835D-57A852FA32EE}"
EndProject
Global
	GlobalSection(SolutionConfigurationPlatforms) = preSolution
		Debug|Any CPU = Debug|Any CPU
		Release|Any CPU = Release|Any CPU
	EndGlobalSection
	GlobalSection(ProjectConfigurationPlatforms) = postSolution
		{E4F28824-C87C-417E-835D-57A852FA32EE}.Debug|Any CPU.ActiveCfg = Debug|Any CPU
		{E4F28824-C87C-417E-835D-57A852FA32EE}.Debug|Any CPU.Build.0 = Debug|Any CPU
		{E4F28824-C87C-417E-835D-57A852FA32EE}.Release|Any CPU.ActiveCfg = Release|Any CPU
		{E4F28824-C87C-417E-835D-57A852FA32EE}.Release|Any CPU.Build.0 = Release|Any CPU
	EndGlobalSection
	GlobalSection(SolutionProperties) = preSolution
		HideSolutionNode = FALSE
	EndGlobalSection
	GlobalSection(ExtensibilityGlobals) = postSolution
		SolutionGuid = {8D96B2A2-3E7D-4200-BE8C-98E1106981C4}
	EndGlobalSection
EndGlobal
