
Microsoft Visual Studio Solution File, Format Version 12.00
# Visual Studio Version 16
VisualStudioVersion = 16.0.29920.165
MinimumVisualStudioVersion = 10.0.40219.1
Project("{FAE04EC0-301F-11D3-BF4B-00C04F79EFBC}") = "AgeOfVillagers", "AgeOfVillagers\AgeOfVillagers.csproj", "{9F0021B4-4C95-4CA8-8F4E-F37C6F7B79EF}"
EndProject
Global
	GlobalSection(SolutionConfigurationPlatforms) = preSolution
		Debug|Any CPU = Debug|Any CPU
		Release|Any CPU = Release|Any CPU
	EndGlobalSection
	GlobalSection(ProjectConfigurationPlatforms) = postSolution
		{9F0021B4-4C95-4CA8-8F4E-F37C6F7B79EF}.Debug|Any CPU.ActiveCfg = Debug|Any CPU
		{9F0021B4-4C95-4CA8-8F4E-F37C6F7B79EF}.Debug|Any CPU.Build.0 = Debug|Any CPU
		{9F0021B4-4C95-4CA8-8F4E-F37C6F7B79EF}.Release|Any CPU.ActiveCfg = Release|Any CPU
		{9F0021B4-4C95-4CA8-8F4E-F37C6F7B79EF}.Release|Any CPU.Build.0 = Release|Any CPU
	EndGlobalSection
	GlobalSection(SolutionProperties) = preSolution
		HideSolutionNode = FALSE
	EndGlobalSection
	GlobalSection(ExtensibilityGlobals) = postSolution
		SolutionGuid = {123987C9-9C04-407A-8A22-49F2865B9D7E}
	EndGlobalSection
EndGlobal
