
Microsoft Visual Studio Solution File, Format Version 12.00
# Visual Studio Version 16
VisualStudioVersion = 16.0.30225.117
MinimumVisualStudioVersion = 10.0.40219.1
Project("{FAE04EC0-301F-11D3-BF4B-00C04F79EFBC}") = "AgeOfVillagers", "AgeOfVillagers\AgeOfVillagers.csproj", "{86E97F51-2635-4898-9F5D-591493FFABE0}"
EndProject
Global
	GlobalSection(SolutionConfigurationPlatforms) = preSolution
		Debug|Any CPU = Debug|Any CPU
		Release|Any CPU = Release|Any CPU
	EndGlobalSection
	GlobalSection(ProjectConfigurationPlatforms) = postSolution
		{86E97F51-2635-4898-9F5D-591493FFABE0}.Debug|Any CPU.ActiveCfg = Debug|Any CPU
		{86E97F51-2635-4898-9F5D-591493FFABE0}.Debug|Any CPU.Build.0 = Debug|Any CPU
		{86E97F51-2635-4898-9F5D-591493FFABE0}.Release|Any CPU.ActiveCfg = Release|Any CPU
		{86E97F51-2635-4898-9F5D-591493FFABE0}.Release|Any CPU.Build.0 = Release|Any CPU
	EndGlobalSection
	GlobalSection(SolutionProperties) = preSolution
		HideSolutionNode = FALSE
	EndGlobalSection
	GlobalSection(ExtensibilityGlobals) = postSolution
		SolutionGuid = {9506C8F3-3EB3-4CE8-96E0-320453712919}
	EndGlobalSection
EndGlobal
