
Microsoft Visual Studio Solution File, Format Version 12.00
# Visual Studio Version 16
VisualStudioVersion = 16.0.29728.190
MinimumVisualStudioVersion = 10.0.40219.1
Project("{FAE04EC0-301F-11D3-BF4B-00C04F79EFBC}") = "Age Of Villagers", "Age Of Villagers.csproj", "{C0E5BD7B-CE8E-4A23-87D1-AEDA884FBCB5}"
EndProject
Global
	GlobalSection(SolutionConfigurationPlatforms) = preSolution
		Debug|Any CPU = Debug|Any CPU
		Release|Any CPU = Release|Any CPU
	EndGlobalSection
	GlobalSection(ProjectConfigurationPlatforms) = postSolution
		{C0E5BD7B-CE8E-4A23-87D1-AEDA884FBCB5}.Debug|Any CPU.ActiveCfg = Debug|Any CPU
		{C0E5BD7B-CE8E-4A23-87D1-AEDA884FBCB5}.Debug|Any CPU.Build.0 = Debug|Any CPU
		{C0E5BD7B-CE8E-4A23-87D1-AEDA884FBCB5}.Release|Any CPU.ActiveCfg = Release|Any CPU
		{C0E5BD7B-CE8E-4A23-87D1-AEDA884FBCB5}.Release|Any CPU.Build.0 = Release|Any CPU
	EndGlobalSection
	GlobalSection(SolutionProperties) = preSolution
		HideSolutionNode = FALSE
	EndGlobalSection
	GlobalSection(ExtensibilityGlobals) = postSolution
		SolutionGuid = {301F4FE3-BA5E-4A6E-BAFA-8524045700DA}
	EndGlobalSection
EndGlobal
