
Microsoft Visual Studio Solution File, Format Version 12.00
# Visual Studio Version 16
VisualStudioVersion = 16.0.30225.117
MinimumVisualStudioVersion = 10.0.40219.1
Project("{FAE04EC0-301F-11D3-BF4B-00C04F79EFBC}") = "AgeOfVillagers", "AgeOfVillagers\AgeOfVillagers.csproj", "{6DD1BE90-5928-42B8-83BB-FA8942176F36}"
EndProject
Global
	GlobalSection(SolutionConfigurationPlatforms) = preSolution
		Debug|Any CPU = Debug|Any CPU
		Release|Any CPU = Release|Any CPU
	EndGlobalSection
	GlobalSection(ProjectConfigurationPlatforms) = postSolution
		{6DD1BE90-5928-42B8-83BB-FA8942176F36}.Debug|Any CPU.ActiveCfg = Debug|Any CPU
		{6DD1BE90-5928-42B8-83BB-FA8942176F36}.Debug|Any CPU.Build.0 = Debug|Any CPU
		{6DD1BE90-5928-42B8-83BB-FA8942176F36}.Release|Any CPU.ActiveCfg = Release|Any CPU
		{6DD1BE90-5928-42B8-83BB-FA8942176F36}.Release|Any CPU.Build.0 = Release|Any CPU
	EndGlobalSection
	GlobalSection(SolutionProperties) = preSolution
		HideSolutionNode = FALSE
	EndGlobalSection
	GlobalSection(ExtensibilityGlobals) = postSolution
		SolutionGuid = {C286B8E1-01A1-459D-BA82-FA36E0E6B8F4}
	EndGlobalSection
EndGlobal
