
Microsoft Visual Studio Solution File, Format Version 12.00
# Visual Studio Version 16
VisualStudioVersion = 16.0.29905.134
MinimumVisualStudioVersion = 10.0.40219.1
Project("{9A19103F-16F7-4668-BE54-9A1E7A4F7556}") = "AgeOfVillagers", "AgeOfVillagers\AgeOfVillagers.csproj", "{5D6B69B2-642F-4627-A956-C400DBD1F650}"
EndProject
Project("{FAE04EC0-301F-11D3-BF4B-00C04F79EFBC}") = "AgeOfVillagersTest", "AgeOfVillagersTest\AgeOfVillagersTest.csproj", "{19C155F8-5F19-4655-A426-373F5FE0150D}"
EndProject
Global
	GlobalSection(SolutionConfigurationPlatforms) = preSolution
		Debug|Any CPU = Debug|Any CPU
		Release|Any CPU = Release|Any CPU
	EndGlobalSection
	GlobalSection(ProjectConfigurationPlatforms) = postSolution
		{5D6B69B2-642F-4627-A956-C400DBD1F650}.Debug|Any CPU.ActiveCfg = Debug|Any CPU
		{5D6B69B2-642F-4627-A956-C400DBD1F650}.Debug|Any CPU.Build.0 = Debug|Any CPU
		{5D6B69B2-642F-4627-A956-C400DBD1F650}.Release|Any CPU.ActiveCfg = Release|Any CPU
		{5D6B69B2-642F-4627-A956-C400DBD1F650}.Release|Any CPU.Build.0 = Release|Any CPU
		{19C155F8-5F19-4655-A426-373F5FE0150D}.Debug|Any CPU.ActiveCfg = Debug|Any CPU
		{19C155F8-5F19-4655-A426-373F5FE0150D}.Debug|Any CPU.Build.0 = Debug|Any CPU
		{19C155F8-5F19-4655-A426-373F5FE0150D}.Release|Any CPU.ActiveCfg = Release|Any CPU
		{19C155F8-5F19-4655-A426-373F5FE0150D}.Release|Any CPU.Build.0 = Release|Any CPU
	EndGlobalSection
	GlobalSection(SolutionProperties) = preSolution
		HideSolutionNode = FALSE
	EndGlobalSection
	GlobalSection(ExtensibilityGlobals) = postSolution
		SolutionGuid = {2B06368E-8208-460D-9DE8-1520D6A317F4}
	EndGlobalSection
EndGlobal
