
Microsoft Visual Studio Solution File, Format Version 12.00
# Visual Studio Version 16
VisualStudioVersion = 16.0.30225.117
MinimumVisualStudioVersion = 10.0.40219.1
Project("{9A19103F-16F7-4668-BE54-9A1E7A4F7556}") = "DPLabAssignment", "DPLabAssignment\DPLabAssignment.csproj", "{0E31C576-7C94-4945-9869-97ACF76F2D06}"
EndProject
Project("{FAE04EC0-301F-11D3-BF4B-00C04F79EFBC}") = "UnitTestProject1", "UnitTestProject1\UnitTestProject1.csproj", "{2517B36B-55FA-47ED-A53E-F89A4436EF01}"
EndProject
Global
	GlobalSection(SolutionConfigurationPlatforms) = preSolution
		Debug|Any CPU = Debug|Any CPU
		Release|Any CPU = Release|Any CPU
	EndGlobalSection
	GlobalSection(ProjectConfigurationPlatforms) = postSolution
		{0E31C576-7C94-4945-9869-97ACF76F2D06}.Debug|Any CPU.ActiveCfg = Debug|Any CPU
		{0E31C576-7C94-4945-9869-97ACF76F2D06}.Debug|Any CPU.Build.0 = Debug|Any CPU
		{0E31C576-7C94-4945-9869-97ACF76F2D06}.Release|Any CPU.ActiveCfg = Release|Any CPU
		{0E31C576-7C94-4945-9869-97ACF76F2D06}.Release|Any CPU.Build.0 = Release|Any CPU
		{2517B36B-55FA-47ED-A53E-F89A4436EF01}.Debug|Any CPU.ActiveCfg = Debug|Any CPU
		{2517B36B-55FA-47ED-A53E-F89A4436EF01}.Debug|Any CPU.Build.0 = Debug|Any CPU
		{2517B36B-55FA-47ED-A53E-F89A4436EF01}.Release|Any CPU.ActiveCfg = Release|Any CPU
		{2517B36B-55FA-47ED-A53E-F89A4436EF01}.Release|Any CPU.Build.0 = Release|Any CPU
	EndGlobalSection
	GlobalSection(SolutionProperties) = preSolution
		HideSolutionNode = FALSE
	EndGlobalSection
	GlobalSection(ExtensibilityGlobals) = postSolution
		SolutionGuid = {9005E3FC-632F-418D-91E0-77D2652EFAB2}
	EndGlobalSection
EndGlobal
