
Microsoft Visual Studio Solution File, Format Version 12.00
# Visual Studio Version 16
VisualStudioVersion = 16.0.30330.147
MinimumVisualStudioVersion = 10.0.40219.1
Project("{FAE04EC0-301F-11D3-BF4B-00C04F79EFBC}") = "Age_of_villagers", "Age_of_villagers\Age_of_villagers.csproj", "{057D7BC4-E630-4D23-8A7C-D8B2B09DCE3C}"
EndProject
Global
	GlobalSection(SolutionConfigurationPlatforms) = preSolution
		Debug|Any CPU = Debug|Any CPU
		Release|Any CPU = Release|Any CPU
	EndGlobalSection
	GlobalSection(ProjectConfigurationPlatforms) = postSolution
		{057D7BC4-E630-4D23-8A7C-D8B2B09DCE3C}.Debug|Any CPU.ActiveCfg = Debug|Any CPU
		{057D7BC4-E630-4D23-8A7C-D8B2B09DCE3C}.Debug|Any CPU.Build.0 = Debug|Any CPU
		{057D7BC4-E630-4D23-8A7C-D8B2B09DCE3C}.Release|Any CPU.ActiveCfg = Release|Any CPU
		{057D7BC4-E630-4D23-8A7C-D8B2B09DCE3C}.Release|Any CPU.Build.0 = Release|Any CPU
	EndGlobalSection
	GlobalSection(SolutionProperties) = preSolution
		HideSolutionNode = FALSE
	EndGlobalSection
	GlobalSection(ExtensibilityGlobals) = postSolution
		SolutionGuid = {67AFBB03-3A89-45CE-8593-A96D6CA78059}
	EndGlobalSection
EndGlobal
