
Microsoft Visual Studio Solution File, Format Version 12.00
# Visual Studio Version 16
VisualStudioVersion = 16.0.30309.148
MinimumVisualStudioVersion = 10.0.40219.1
Project("{FAE04EC0-301F-11D3-BF4B-00C04F79EFBC}") = "Age of Villagers demo", "Age of Villagers demo\Age of Villagers demo.csproj", "{4DC1DEDF-8413-4179-8908-06694C59F1D5}"
EndProject
Global
	GlobalSection(SolutionConfigurationPlatforms) = preSolution
		Debug|Any CPU = Debug|Any CPU
		Release|Any CPU = Release|Any CPU
	EndGlobalSection
	GlobalSection(ProjectConfigurationPlatforms) = postSolution
		{4DC1DEDF-8413-4179-8908-06694C59F1D5}.Debug|Any CPU.ActiveCfg = Debug|Any CPU
		{4DC1DEDF-8413-4179-8908-06694C59F1D5}.Debug|Any CPU.Build.0 = Debug|Any CPU
		{4DC1DEDF-8413-4179-8908-06694C59F1D5}.Release|Any CPU.ActiveCfg = Release|Any CPU
		{4DC1DEDF-8413-4179-8908-06694C59F1D5}.Release|Any CPU.Build.0 = Release|Any CPU
	EndGlobalSection
	GlobalSection(SolutionProperties) = preSolution
		HideSolutionNode = FALSE
	EndGlobalSection
	GlobalSection(ExtensibilityGlobals) = postSolution
		SolutionGuid = {326B3A62-00F0-4FAC-95B3-9A874A626915}
	EndGlobalSection
EndGlobal
