
Microsoft Visual Studio Solution File, Format Version 12.00
# Visual Studio Version 16
VisualStudioVersion = 16.0.29905.134
MinimumVisualStudioVersion = 10.0.40219.1
Project("{FAE04EC0-301F-11D3-BF4B-00C04F79EFBC}") = "age of villagers", "age of villagers\age of villagers.csproj", "{63D4FE53-34B4-435C-84A7-2DB21F374147}"
EndProject
Global
	GlobalSection(SolutionConfigurationPlatforms) = preSolution
		Debug|Any CPU = Debug|Any CPU
		Release|Any CPU = Release|Any CPU
	EndGlobalSection
	GlobalSection(ProjectConfigurationPlatforms) = postSolution
		{63D4FE53-34B4-435C-84A7-2DB21F374147}.Debug|Any CPU.ActiveCfg = Debug|Any CPU
		{63D4FE53-34B4-435C-84A7-2DB21F374147}.Debug|Any CPU.Build.0 = Debug|Any CPU
		{63D4FE53-34B4-435C-84A7-2DB21F374147}.Release|Any CPU.ActiveCfg = Release|Any CPU
		{63D4FE53-34B4-435C-84A7-2DB21F374147}.Release|Any CPU.Build.0 = Release|Any CPU
	EndGlobalSection
	GlobalSection(SolutionProperties) = preSolution
		HideSolutionNode = FALSE
	EndGlobalSection
	GlobalSection(ExtensibilityGlobals) = postSolution
		SolutionGuid = {2B878552-F810-49C8-8C95-223AA6B21F1D}
	EndGlobalSection
EndGlobal
