
Microsoft Visual Studio Solution File, Format Version 12.00
# Visual Studio Version 16
VisualStudioVersion = 16.0.30503.244
MinimumVisualStudioVersion = 10.0.40219.1
Project("{FAE04EC0-301F-11D3-BF4B-00C04F79EFBC}") = "villageofDurjoy", "villageofDurjoy.csproj", "{811C4FFE-F852-468E-9F65-8482D792BD3D}"
EndProject
Global
	GlobalSection(SolutionConfigurationPlatforms) = preSolution
		Debug|Any CPU = Debug|Any CPU
		Release|Any CPU = Release|Any CPU
	EndGlobalSection
	GlobalSection(ProjectConfigurationPlatforms) = postSolution
		{811C4FFE-F852-468E-9F65-8482D792BD3D}.Debug|Any CPU.ActiveCfg = Debug|Any CPU
		{811C4FFE-F852-468E-9F65-8482D792BD3D}.Debug|Any CPU.Build.0 = Debug|Any CPU
		{811C4FFE-F852-468E-9F65-8482D792BD3D}.Release|Any CPU.ActiveCfg = Release|Any CPU
		{811C4FFE-F852-468E-9F65-8482D792BD3D}.Release|Any CPU.Build.0 = Release|Any CPU
	EndGlobalSection
	GlobalSection(SolutionProperties) = preSolution
		HideSolutionNode = FALSE
	EndGlobalSection
	GlobalSection(ExtensibilityGlobals) = postSolution
		SolutionGuid = {5C8CAD63-CCBE-41DF-817C-E8C036E7AE88}
	EndGlobalSection
EndGlobal
