
Microsoft Visual Studio Solution File, Format Version 12.00
# Visual Studio Version 16
VisualStudioVersion = 16.0.30503.244
MinimumVisualStudioVersion = 10.0.40219.1
Project("{FAE04EC0-301F-11D3-BF4B-00C04F79EFBC}") = "AgeOfVillagers", "AgeOfVillagers.csproj", "{7C1AABD0-7DB0-4E18-84FE-FF0F41B40D0B}"
EndProject
Global
	GlobalSection(SolutionConfigurationPlatforms) = preSolution
		Debug|Any CPU = Debug|Any CPU
		Release|Any CPU = Release|Any CPU
	EndGlobalSection
	GlobalSection(ProjectConfigurationPlatforms) = postSolution
		{7C1AABD0-7DB0-4E18-84FE-FF0F41B40D0B}.Debug|Any CPU.ActiveCfg = Debug|Any CPU
		{7C1AABD0-7DB0-4E18-84FE-FF0F41B40D0B}.Debug|Any CPU.Build.0 = Debug|Any CPU
		{7C1AABD0-7DB0-4E18-84FE-FF0F41B40D0B}.Release|Any CPU.ActiveCfg = Release|Any CPU
		{7C1AABD0-7DB0-4E18-84FE-FF0F41B40D0B}.Release|Any CPU.Build.0 = Release|Any CPU
	EndGlobalSection
	GlobalSection(SolutionProperties) = preSolution
		HideSolutionNode = FALSE
	EndGlobalSection
	GlobalSection(ExtensibilityGlobals) = postSolution
		SolutionGuid = {FE5E1480-C6ED-40CE-943C-F566D3C6C7FA}
	EndGlobalSection
EndGlobal
