
Microsoft Visual Studio Solution File, Format Version 12.00
# Visual Studio Version 16
VisualStudioVersion = 16.0.29728.190
MinimumVisualStudioVersion = 10.0.40219.1
Project("{FAE04EC0-301F-11D3-BF4B-00C04F79EFBC}") = "AgeOfVillagers", "AgeOfVillagers.csproj", "{9910A62D-5041-4F2E-A3AB-4D76C3C666AB}"
EndProject
Project("{FAE04EC0-301F-11D3-BF4B-00C04F79EFBC}") = "AgeOfVillageTest", "..\AgeOfVillageTest\AgeOfVillageTest.csproj", "{21D3E083-1C9F-4113-9851-936AA599D1C5}"
	ProjectSection(ProjectDependencies) = postProject
		{9910A62D-5041-4F2E-A3AB-4D76C3C666AB} = {9910A62D-5041-4F2E-A3AB-4D76C3C666AB}
	EndProjectSection
EndProject
Global
	GlobalSection(SolutionConfigurationPlatforms) = preSolution
		Debug|Any CPU = Debug|Any CPU
		Release|Any CPU = Release|Any CPU
	EndGlobalSection
	GlobalSection(ProjectConfigurationPlatforms) = postSolution
		{9910A62D-5041-4F2E-A3AB-4D76C3C666AB}.Debug|Any CPU.ActiveCfg = Debug|Any CPU
		{9910A62D-5041-4F2E-A3AB-4D76C3C666AB}.Debug|Any CPU.Build.0 = Debug|Any CPU
		{9910A62D-5041-4F2E-A3AB-4D76C3C666AB}.Release|Any CPU.ActiveCfg = Release|Any CPU
		{9910A62D-5041-4F2E-A3AB-4D76C3C666AB}.Release|Any CPU.Build.0 = Release|Any CPU
		{21D3E083-1C9F-4113-9851-936AA599D1C5}.Debug|Any CPU.ActiveCfg = Debug|Any CPU
		{21D3E083-1C9F-4113-9851-936AA599D1C5}.Debug|Any CPU.Build.0 = Debug|Any CPU
		{21D3E083-1C9F-4113-9851-936AA599D1C5}.Release|Any CPU.ActiveCfg = Release|Any CPU
		{21D3E083-1C9F-4113-9851-936AA599D1C5}.Release|Any CPU.Build.0 = Release|Any CPU
	EndGlobalSection
	GlobalSection(SolutionProperties) = preSolution
		HideSolutionNode = FALSE
	EndGlobalSection
	GlobalSection(ExtensibilityGlobals) = postSolution
		SolutionGuid = {62FEE6C7-2D4A-4B8D-A759-3B0779501381}
	EndGlobalSection
EndGlobal
