
Microsoft Visual Studio Solution File, Format Version 12.00
# Visual Studio Version 16
VisualStudioVersion = 16.0.29728.190
MinimumVisualStudioVersion = 10.0.40219.1
Project("{FAE04EC0-301F-11D3-BF4B-00C04F79EFBC}") = "CreateNewVillage", "CreateNewVillage\CreateNewVillage.csproj", "{90D8CD91-2102-4DF7-B890-1BC0ED957472}"
EndProject
Global
	GlobalSection(SolutionConfigurationPlatforms) = preSolution
		Debug|Any CPU = Debug|Any CPU
		Release|Any CPU = Release|Any CPU
	EndGlobalSection
	GlobalSection(ProjectConfigurationPlatforms) = postSolution
		{90D8CD91-2102-4DF7-B890-1BC0ED957472}.Debug|Any CPU.ActiveCfg = Debug|Any CPU
		{90D8CD91-2102-4DF7-B890-1BC0ED957472}.Debug|Any CPU.Build.0 = Debug|Any CPU
		{90D8CD91-2102-4DF7-B890-1BC0ED957472}.Release|Any CPU.ActiveCfg = Release|Any CPU
		{90D8CD91-2102-4DF7-B890-1BC0ED957472}.Release|Any CPU.Build.0 = Release|Any CPU
	EndGlobalSection
	GlobalSection(SolutionProperties) = preSolution
		HideSolutionNode = FALSE
	EndGlobalSection
	GlobalSection(ExtensibilityGlobals) = postSolution
		SolutionGuid = {96FF806F-AA86-47CA-BCFF-C4B1D0D868B4}
	EndGlobalSection
EndGlobal
