
Microsoft Visual Studio Solution File, Format Version 12.00
# Visual Studio Version 16
VisualStudioVersion = 16.0.30204.135
MinimumVisualStudioVersion = 10.0.40219.1
Project("{FAE04EC0-301F-11D3-BF4B-00C04F79EFBC}") = "DesignPatternLab", "DesignPatternLab\DesignPatternLab.csproj", "{A8406CD2-0BB1-4388-A25C-D69CF81216A0}"
EndProject
Global
	GlobalSection(SolutionConfigurationPlatforms) = preSolution
		Debug|Any CPU = Debug|Any CPU
		Release|Any CPU = Release|Any CPU
	EndGlobalSection
	GlobalSection(ProjectConfigurationPlatforms) = postSolution
		{A8406CD2-0BB1-4388-A25C-D69CF81216A0}.Debug|Any CPU.ActiveCfg = Debug|Any CPU
		{A8406CD2-0BB1-4388-A25C-D69CF81216A0}.Debug|Any CPU.Build.0 = Debug|Any CPU
		{A8406CD2-0BB1-4388-A25C-D69CF81216A0}.Release|Any CPU.ActiveCfg = Release|Any CPU
		{A8406CD2-0BB1-4388-A25C-D69CF81216A0}.Release|Any CPU.Build.0 = Release|Any CPU
	EndGlobalSection
	GlobalSection(SolutionProperties) = preSolution
		HideSolutionNode = FALSE
	EndGlobalSection
	GlobalSection(ExtensibilityGlobals) = postSolution
		SolutionGuid = {C62B2617-C427-4A2C-AE96-097BD6C46DBE}
	EndGlobalSection
EndGlobal
