
Microsoft Visual Studio Solution File, Format Version 12.00
# Visual Studio Version 16
VisualStudioVersion = 16.0.30503.244
MinimumVisualStudioVersion = 10.0.40219.1
Project("{FAE04EC0-301F-11D3-BF4B-00C04F79EFBC}") = "villageofDurjoy.test", "villageofDurjoy.test.csproj", "{49D16DAE-D745-4D19-BF7D-CF00219B1129}"
EndProject
Global
	GlobalSection(SolutionConfigurationPlatforms) = preSolution
		Debug|Any CPU = Debug|Any CPU
		Release|Any CPU = Release|Any CPU
	EndGlobalSection
	GlobalSection(ProjectConfigurationPlatforms) = postSolution
		{49D16DAE-D745-4D19-BF7D-CF00219B1129}.Debug|Any CPU.ActiveCfg = Debug|Any CPU
		{49D16DAE-D745-4D19-BF7D-CF00219B1129}.Debug|Any CPU.Build.0 = Debug|Any CPU
		{49D16DAE-D745-4D19-BF7D-CF00219B1129}.Release|Any CPU.ActiveCfg = Release|Any CPU
		{49D16DAE-D745-4D19-BF7D-CF00219B1129}.Release|Any CPU.Build.0 = Release|Any CPU
	EndGlobalSection
	GlobalSection(SolutionProperties) = preSolution
		HideSolutionNode = FALSE
	EndGlobalSection
	GlobalSection(ExtensibilityGlobals) = postSolution
		SolutionGuid = {1D43A312-1742-4180-822F-7E62C3368183}
	EndGlobalSection
EndGlobal
