
Microsoft Visual Studio Solution File, Format Version 12.00
# Visual Studio Version 16
VisualStudioVersion = 16.0.29728.190
MinimumVisualStudioVersion = 10.0.40219.1
Project("{FAE04EC0-301F-11D3-BF4B-00C04F79EFBC}") = "Age of villagers", "Age of villagers.csproj", "{1363F512-86F0-4FAC-BF4B-9003FFC78022}"
EndProject
Project("{FAE04EC0-301F-11D3-BF4B-00C04F79EFBC}") = "Age of villagers.test", "..\Age of villagers.test\Age of villagers.test.csproj", "{C6230D75-02F6-49CD-8B5E-B717A1F70152}"
EndProject
Project("{2150E333-8FDC-42A3-9474-1A3956D46DE8}") = "42-Rifah", "42-Rifah", "{BA9A2370-339B-4878-AD7B-CF04309D8696}"
EndProject
Global
	GlobalSection(SolutionConfigurationPlatforms) = preSolution
		Debug|Any CPU = Debug|Any CPU
		Release|Any CPU = Release|Any CPU
	EndGlobalSection
	GlobalSection(ProjectConfigurationPlatforms) = postSolution
		{1363F512-86F0-4FAC-BF4B-9003FFC78022}.Debug|Any CPU.ActiveCfg = Debug|Any CPU
		{1363F512-86F0-4FAC-BF4B-9003FFC78022}.Debug|Any CPU.Build.0 = Debug|Any CPU
		{1363F512-86F0-4FAC-BF4B-9003FFC78022}.Release|Any CPU.ActiveCfg = Release|Any CPU
		{1363F512-86F0-4FAC-BF4B-9003FFC78022}.Release|Any CPU.Build.0 = Release|Any CPU
		{C6230D75-02F6-49CD-8B5E-B717A1F70152}.Debug|Any CPU.ActiveCfg = Debug|Any CPU
		{C6230D75-02F6-49CD-8B5E-B717A1F70152}.Debug|Any CPU.Build.0 = Debug|Any CPU
		{C6230D75-02F6-49CD-8B5E-B717A1F70152}.Release|Any CPU.ActiveCfg = Release|Any CPU
		{C6230D75-02F6-49CD-8B5E-B717A1F70152}.Release|Any CPU.Build.0 = Release|Any CPU
	EndGlobalSection
	GlobalSection(SolutionProperties) = preSolution
		HideSolutionNode = FALSE
	EndGlobalSection
	GlobalSection(ExtensibilityGlobals) = postSolution
		SolutionGuid = {ADFCBA77-CD64-4D66-979B-46570C403AA2}
	EndGlobalSection
EndGlobal
